
Microsoft Visual Studio Solution File, Format Version 12.00
# Visual Studio Version 17
VisualStudioVersion = 17.4.33205.214
MinimumVisualStudioVersion = 10.0.40219.1
Project("{FAE04EC0-301F-11D3-BF4B-00C04F79EFBC}") = "test_2", "test_2\test_2.csproj", "{DB6233EC-6821-4FE1-BEED-6A532C200758}"
EndProject
Global
	GlobalSection(SolutionConfigurationPlatforms) = preSolution
		Debug|Any CPU = Debug|Any CPU
		Release|Any CPU = Release|Any CPU
	EndGlobalSection
	GlobalSection(ProjectConfigurationPlatforms) = postSolution
		{DB6233EC-6821-4FE1-BEED-6A532C200758}.Debug|Any CPU.ActiveCfg = Debug|Any CPU
		{DB6233EC-6821-4FE1-BEED-6A532C200758}.Debug|Any CPU.Build.0 = Debug|Any CPU
		{DB6233EC-6821-4FE1-BEED-6A532C200758}.Release|Any CPU.ActiveCfg = Release|Any CPU
		{DB6233EC-6821-4FE1-BEED-6A532C200758}.Release|Any CPU.Build.0 = Release|Any CPU
	EndGlobalSection
	GlobalSection(SolutionProperties) = preSolution
		HideSolutionNode = FALSE
	EndGlobalSection
	GlobalSection(ExtensibilityGlobals) = postSolution
		SolutionGuid = {7438441B-CD67-44A4-9BC9-C4CBCCE193DA}
	EndGlobalSection
EndGlobal
